// !$*UTF8*$!
{
	archiveVersion = 1;
	classes = {
	};
	objectVersion = 77;
	objects = {

/* Begin PBXBuildFile section */
		859539DD2D395AAF005A071B /* Podfile in Resources */ = {isa = PBXBuildFile; fileRef = 859539DC2D395AAF005A071B /* Podfile */; };
		85E4521B2D3968F8003456E0 /* UserDefaultsKeys.swift in Sources */ = {isa = PBXBuildFile; fileRef = 85E4521A2D3968F8003456E0 /* UserDefaultsKeys.swift */; };
		85E452582D398B57003456E0 /* Localizable.strings in Resources */ = {isa = PBXBuildFile; fileRef = 85E452562D398B57003456E0 /* Localizable.strings */; };
		AAA2A5172D5F888600141A58 /* PrivacyInfo.xcprivacy in Resources */ = {isa = PBXBuildFile; fileRef = AAA2A5162D5F888600141A58 /* PrivacyInfo.xcprivacy */; };
		C1E43A2DE34B2489E3F1B51E /* Pods_Paytimer.framework in Frameworks */ = {isa = PBXBuildFile; fileRef = 23D021E582A1A24611D0E064 /* Pods_Paytimer.framework */; };
/* End PBXBuildFile section */

/* Begin PBXContainerItemProxy section */
		859539AE2D39375C005A071B /* PBXContainerItemProxy */ = {
			isa = PBXContainerItemProxy;
			containerPortal = 859539952D39375B005A071B /* Project object */;
			proxyType = 1;
			remoteGlobalIDString = 8595399C2D39375B005A071B;
			remoteInfo = Paytimer;
		};
		859539B82D39375C005A071B /* PBXContainerItemProxy */ = {
			isa = PBXContainerItemProxy;
			containerPortal = 859539952D39375B005A071B /* Project object */;
			proxyType = 1;
			remoteGlobalIDString = 8595399C2D39375B005A071B;
			remoteInfo = Paytimer;
		};
/* End PBXContainerItemProxy section */

/* Begin PBXFileReference section */
		23D021E582A1A24611D0E064 /* Pods_Paytimer.framework */ = {isa = PBXFileReference; explicitFileType = wrapper.framework; includeInIndex = 0; path = Pods_Paytimer.framework; sourceTree = BUILT_PRODUCTS_DIR; };
		8595399D2D39375B005A071B /* Paytimer.app */ = {isa = PBXFileReference; explicitFileType = wrapper.application; includeInIndex = 0; path = Paytimer.app; sourceTree = BUILT_PRODUCTS_DIR; };
		859539AD2D39375C005A071B /* PaytimerTests.xctest */ = {isa = PBXFileReference; explicitFileType = wrapper.cfbundle; includeInIndex = 0; path = PaytimerTests.xctest; sourceTree = BUILT_PRODUCTS_DIR; };
		859539B72D39375C005A071B /* PaytimerUITests.xctest */ = {isa = PBXFileReference; explicitFileType = wrapper.cfbundle; includeInIndex = 0; path = PaytimerUITests.xctest; sourceTree = BUILT_PRODUCTS_DIR; };
		859539DC2D395AAF005A071B /* Podfile */ = {isa = PBXFileReference; lastKnownFileType = text; path = Podfile; sourceTree = "<group>"; xcLanguageSpecificationIdentifier = xcode.lang.ruby; };
		85E4521A2D3968F8003456E0 /* UserDefaultsKeys.swift */ = {isa = PBXFileReference; lastKnownFileType = sourcecode.swift; path = UserDefaultsKeys.swift; sourceTree = "<group>"; };
		85E452572D398B57003456E0 /* en */ = {isa = PBXFileReference; lastKnownFileType = text.plist.strings; name = en; path = en.lproj/Localizable.strings; sourceTree = "<group>"; };
		85E452592D398B8F003456E0 /* zh-Hans */ = {isa = PBXFileReference; lastKnownFileType = text.plist.strings; name = "zh-Hans"; path = "zh-Hans.lproj/Localizable.strings"; sourceTree = "<group>"; };
		AAA2A5162D5F888600141A58 /* PrivacyInfo.xcprivacy */ = {isa = PBXFileReference; lastKnownFileType = text; path = PrivacyInfo.xcprivacy; sourceTree = "<group>"; };
		C4F148A115C57484D0A59358 /* Pods-Paytimer.release.xcconfig */ = {isa = PBXFileReference; includeInIndex = 1; lastKnownFileType = text.xcconfig; name = "Pods-Paytimer.release.xcconfig"; path = "Target Support Files/Pods-Paytimer/Pods-Paytimer.release.xcconfig"; sourceTree = "<group>"; };
		EFC8D24ACFA1B3B549317BB2 /* Pods-Paytimer.debug.xcconfig */ = {isa = PBXFileReference; includeInIndex = 1; lastKnownFileType = text.xcconfig; name = "Pods-Paytimer.debug.xcconfig"; path = "Target Support Files/Pods-Paytimer/Pods-Paytimer.debug.xcconfig"; sourceTree = "<group>"; };
/* End PBXFileReference section */

/* Begin PBXFileSystemSynchronizedRootGroup section */
		8595399F2D39375B005A071B /* Paytimer */ = {
			isa = PBXFileSystemSynchronizedRootGroup;
			path = Paytimer;
			sourceTree = "<group>";
		};
		859539B02D39375C005A071B /* PaytimerTests */ = {
			isa = PBXFileSystemSynchronizedRootGroup;
			path = PaytimerTests;
			sourceTree = "<group>";
		};
		859539BA2D39375C005A071B /* PaytimerUITests */ = {
			isa = PBXFileSystemSynchronizedRootGroup;
			path = PaytimerUITests;
			sourceTree = "<group>";
		};
/* End PBXFileSystemSynchronizedRootGroup section */

/* Begin PBXFrameworksBuildPhase section */
		8595399A2D39375B005A071B /* Frameworks */ = {
			isa = PBXFrameworksBuildPhase;
			buildActionMask = 2147483647;
			files = (
				C1E43A2DE34B2489E3F1B51E /* Pods_Paytimer.framework in Frameworks */,
			);
			runOnlyForDeploymentPostprocessing = 0;
		};
		859539AA2D39375C005A071B /* Frameworks */ = {
			isa = PBXFrameworksBuildPhase;
			buildActionMask = 2147483647;
			files = (
			);
			runOnlyForDeploymentPostprocessing = 0;
		};
		859539B42D39375C005A071B /* Frameworks */ = {
			isa = PBXFrameworksBuildPhase;
			buildActionMask = 2147483647;
			files = (
			);
			runOnlyForDeploymentPostprocessing = 0;
		};
/* End PBXFrameworksBuildPhase section */

/* Begin PBXGroup section */
		316014FED27DDF4EF29F218A /* Frameworks */ = {
			isa = PBXGroup;
			children = (
				23D021E582A1A24611D0E064 /* Pods_Paytimer.framework */,
			);
			name = Frameworks;
			sourceTree = "<group>";
		};
		859539942D39375B005A071B = {
			isa = PBXGroup;
			children = (
				85E452562D398B57003456E0 /* Localizable.strings */,
				85E4521A2D3968F8003456E0 /* UserDefaultsKeys.swift */,
				8595399F2D39375B005A071B /* Paytimer */,
				859539B02D39375C005A071B /* PaytimerTests */,
				859539BA2D39375C005A071B /* PaytimerUITests */,
				8595399E2D39375B005A071B /* Products */,
				859539DC2D395AAF005A071B /* Podfile */,
				E0B00386828F6C15975E9FA9 /* Pods */,
				316014FED27DDF4EF29F218A /* Frameworks */,
			);
			sourceTree = "<group>";
		};
		8595399E2D39375B005A071B /* Products */ = {
			isa = PBXGroup;
			children = (
				8595399D2D39375B005A071B /* Paytimer.app */,
				859539AD2D39375C005A071B /* PaytimerTests.xctest */,
				859539B72D39375C005A071B /* PaytimerUITests.xctest */,
			);
			name = Products;
			sourceTree = "<group>";
		};
		E0B00386828F6C15975E9FA9 /* Pods */ = {
			isa = PBXGroup;
			children = (
				AAA2A5162D5F888600141A58 /* PrivacyInfo.xcprivacy */,
				EFC8D24ACFA1B3B549317BB2 /* Pods-Paytimer.debug.xcconfig */,
				C4F148A115C57484D0A59358 /* Pods-Paytimer.release.xcconfig */,
			);
			path = Pods;
			sourceTree = "<group>";
		};
/* End PBXGroup section */

/* Begin PBXNativeTarget section */
		8595399C2D39375B005A071B /* Paytimer */ = {
			isa = PBXNativeTarget;
			buildConfigurationList = 859539C12D39375C005A071B /* Build configuration list for PBXNativeTarget "Paytimer" */;
			buildPhases = (
				A841E0EF579ADEA76D22F78B /* [CP] Check Pods Manifest.lock */,
				859539992D39375B005A071B /* Sources */,
				8595399A2D39375B005A071B /* Frameworks */,
				8595399B2D39375B005A071B /* Resources */,
				8F83C0F606150220022A4BE2 /* [CP] Embed Pods Frameworks */,
			);
			buildRules = (
			);
			dependencies = (
			);
			fileSystemSynchronizedGroups = (
				8595399F2D39375B005A071B /* Paytimer */,
			);
			name = Paytimer;
			productName = Paytimer;
			productReference = 8595399D2D39375B005A071B /* Paytimer.app */;
			productType = "com.apple.product-type.application";
		};
		859539AC2D39375C005A071B /* PaytimerTests */ = {
			isa = PBXNativeTarget;
			buildConfigurationList = 859539C42D39375C005A071B /* Build configuration list for PBXNativeTarget "PaytimerTests" */;
			buildPhases = (
				859539A92D39375C005A071B /* Sources */,
				859539AA2D39375C005A071B /* Frameworks */,
				859539AB2D39375C005A071B /* Resources */,
			);
			buildRules = (
			);
			dependencies = (
				859539AF2D39375C005A071B /* PBXTargetDependency */,
			);
			fileSystemSynchronizedGroups = (
				859539B02D39375C005A071B /* PaytimerTests */,
			);
			name = PaytimerTests;
			productName = PaytimerTests;
			productReference = 859539AD2D39375C005A071B /* PaytimerTests.xctest */;
			productType = "com.apple.product-type.bundle.unit-test";
		};
		859539B62D39375C005A071B /* PaytimerUITests */ = {
			isa = PBXNativeTarget;
			buildConfigurationList = 859539C72D39375C005A071B /* Build configuration list for PBXNativeTarget "PaytimerUITests" */;
			buildPhases = (
				859539B32D39375C005A071B /* Sources */,
				859539B42D39375C005A071B /* Frameworks */,
				859539B52D39375C005A071B /* Resources */,
			);
			buildRules = (
			);
			dependencies = (
				859539B92D39375C005A071B /* PBXTargetDependency */,
			);
			fileSystemSynchronizedGroups = (
				859539BA2D39375C005A071B /* PaytimerUITests */,
			);
			name = PaytimerUITests;
			productName = PaytimerUITests;
			productReference = 859539B72D39375C005A071B /* PaytimerUITests.xctest */;
			productType = "com.apple.product-type.bundle.ui-testing";
		};
/* End PBXNativeTarget section */

/* Begin PBXProject section */
		859539952D39375B005A071B /* Project object */ = {
			isa = PBXProject;
			attributes = {
				BuildIndependentTargetsInParallel = 1;
				LastSwiftUpdateCheck = 1620;
				LastUpgradeCheck = 1620;
				TargetAttributes = {
					8595399C2D39375B005A071B = {
						CreatedOnToolsVersion = 16.2;
					};
					859539AC2D39375C005A071B = {
						CreatedOnToolsVersion = 16.2;
						TestTargetID = 8595399C2D39375B005A071B;
					};
					859539B62D39375C005A071B = {
						CreatedOnToolsVersion = 16.2;
						TestTargetID = 8595399C2D39375B005A071B;
					};
				};
			};
			buildConfigurationList = 859539982D39375B005A071B /* Build configuration list for PBXProject "Paytimer" */;
			developmentRegion = en;
			hasScannedForEncodings = 0;
			knownRegions = (
				en,
				Base,
				"zh-Hans",
			);
			mainGroup = 859539942D39375B005A071B;
			minimizedProjectReferenceProxies = 1;
			preferredProjectObjectVersion = 77;
			productRefGroup = 8595399E2D39375B005A071B /* Products */;
			projectDirPath = "";
			projectRoot = "";
			targets = (
				8595399C2D39375B005A071B /* Paytimer */,
				859539AC2D39375C005A071B /* PaytimerTests */,
				859539B62D39375C005A071B /* PaytimerUITests */,
			);
		};
/* End PBXProject section */

/* Begin PBXResourcesBuildPhase section */
		8595399B2D39375B005A071B /* Resources */ = {
			isa = PBXResourcesBuildPhase;
			buildActionMask = 2147483647;
			files = (
				85E452582D398B57003456E0 /* Localizable.strings in Resources */,
				AAA2A5172D5F888600141A58 /* PrivacyInfo.xcprivacy in Resources */,
				859539DD2D395AAF005A071B /* Podfile in Resources */,
			);
			runOnlyForDeploymentPostprocessing = 0;
		};
		859539AB2D39375C005A071B /* Resources */ = {
			isa = PBXResourcesBuildPhase;
			buildActionMask = 2147483647;
			files = (
			);
			runOnlyForDeploymentPostprocessing = 0;
		};
		859539B52D39375C005A071B /* Resources */ = {
			isa = PBXResourcesBuildPhase;
			buildActionMask = 2147483647;
			files = (
			);
			runOnlyForDeploymentPostprocessing = 0;
		};
/* End PBXResourcesBuildPhase section */

/* Begin PBXShellScriptBuildPhase section */
		8F83C0F606150220022A4BE2 /* [CP] Embed Pods Frameworks */ = {
			isa = PBXShellScriptBuildPhase;
			buildActionMask = 2147483647;
			files = (
			);
			inputFileListPaths = (
				"${PODS_ROOT}/Target Support Files/Pods-Paytimer/Pods-Paytimer-frameworks-${CONFIGURATION}-input-files.xcfilelist",
			);
			name = "[CP] Embed Pods Frameworks";
			outputFileListPaths = (
				"${PODS_ROOT}/Target Support Files/Pods-Paytimer/Pods-Paytimer-frameworks-${CONFIGURATION}-output-files.xcfilelist",
			);
			runOnlyForDeploymentPostprocessing = 0;
			shellPath = /bin/sh;
			shellScript = "\"${PODS_ROOT}/Target Support Files/Pods-Paytimer/Pods-Paytimer-frameworks.sh\"\n";
			showEnvVarsInLog = 0;
		};
		A841E0EF579ADEA76D22F78B /* [CP] Check Pods Manifest.lock */ = {
			isa = PBXShellScriptBuildPhase;
			buildActionMask = 2147483647;
			files = (
			);
			inputFileListPaths = (
			);
			inputPaths = (
				"${PODS_PODFILE_DIR_PATH}/Podfile.lock",
				"${PODS_ROOT}/Manifest.lock",
			);
			name = "[CP] Check Pods Manifest.lock";
			outputFileListPaths = (
			);
			outputPaths = (
				"$(DERIVED_FILE_DIR)/Pods-Paytimer-checkManifestLockResult.txt",
			);
			runOnlyForDeploymentPostprocessing = 0;
			shellPath = /bin/sh;
			shellScript = "diff \"${PODS_PODFILE_DIR_PATH}/Podfile.lock\" \"${PODS_ROOT}/Manifest.lock\" > /dev/null\nif [ $? != 0 ] ; then\n    # print error to STDERR\n    echo \"error: The sandbox is not in sync with the Podfile.lock. Run 'pod install' or update your CocoaPods installation.\" >&2\n    exit 1\nfi\n# This output is used by Xcode 'outputs' to avoid re-running this script phase.\necho \"SUCCESS\" > \"${SCRIPT_OUTPUT_FILE_0}\"\n";
			showEnvVarsInLog = 0;
		};
/* End PBXShellScriptBuildPhase section */

/* Begin PBXSourcesBuildPhase section */
		859539992D39375B005A071B /* Sources */ = {
			isa = PBXSourcesBuildPhase;
			buildActionMask = 2147483647;
			files = (
				85E4521B2D3968F8003456E0 /* UserDefaultsKeys.swift in Sources */,
			);
			runOnlyForDeploymentPostprocessing = 0;
		};
		859539A92D39375C005A071B /* Sources */ = {
			isa = PBXSourcesBuildPhase;
			buildActionMask = 2147483647;
			files = (
			);
			runOnlyForDeploymentPostprocessing = 0;
		};
		859539B32D39375C005A071B /* Sources */ = {
			isa = PBXSourcesBuildPhase;
			buildActionMask = 2147483647;
			files = (
			);
			runOnlyForDeploymentPostprocessing = 0;
		};
/* End PBXSourcesBuildPhase section */

/* Begin PBXTargetDependency section */
		859539AF2D39375C005A071B /* PBXTargetDependency */ = {
			isa = PBXTargetDependency;
			target = 8595399C2D39375B005A071B /* Paytimer */;
			targetProxy = 859539AE2D39375C005A071B /* PBXContainerItemProxy */;
		};
		859539B92D39375C005A071B /* PBXTargetDependency */ = {
			isa = PBXTargetDependency;
			target = 8595399C2D39375B005A071B /* Paytimer */;
			targetProxy = 859539B82D39375C005A071B /* PBXContainerItemProxy */;
		};
/* End PBXTargetDependency section */

/* Begin PBXVariantGroup section */
		85E452562D398B57003456E0 /* Localizable.strings */ = {
			isa = PBXVariantGroup;
			children = (
				85E452572D398B57003456E0 /* en */,
				85E452592D398B8F003456E0 /* zh-Hans */,
			);
			name = Localizable.strings;
			sourceTree = "<group>";
		};
/* End PBXVariantGroup section */

/* Begin XCBuildConfiguration section */
		859539BF2D39375C005A071B /* Debug */ = {
			isa = XCBuildConfiguration;
			buildSettings = {
				ALWAYS_SEARCH_USER_PATHS = NO;
				ASSETCATALOG_COMPILER_GENERATE_SWIFT_ASSET_SYMBOL_EXTENSIONS = YES;
				CLANG_ANALYZER_LOCALIZABILITY_NONLOCALIZED = YES;
				CLANG_ANALYZER_NONNULL = YES;
				CLANG_ANALYZER_NUMBER_OBJECT_CONVERSION = YES_AGGRESSIVE;
				CLANG_CXX_LANGUAGE_STANDARD = "gnu++20";
				CLANG_ENABLE_MODULES = YES;
				CLANG_ENABLE_OBJC_ARC = YES;
				CLANG_ENABLE_OBJC_WEAK = YES;
				CLANG_WARN_BLOCK_CAPTURE_AUTORELEASING = YES;
				CLANG_WARN_BOOL_CONVERSION = YES;
				CLANG_WARN_COMMA = YES;
				CLANG_WARN_CONSTANT_CONVERSION = YES;
				CLANG_WARN_DEPRECATED_OBJC_IMPLEMENTATIONS = YES;
				CLANG_WARN_DIRECT_OBJC_ISA_USAGE = YES_ERROR;
				CLANG_WARN_DOCUMENTATION_COMMENTS = YES;
				CLANG_WARN_EMPTY_BODY = YES;
				CLANG_WARN_ENUM_CONVERSION = YES;
				CLANG_WARN_INFINITE_RECURSION = YES;
				CLANG_WARN_INT_CONVERSION = YES;
				CLANG_WARN_NON_LITERAL_NULL_CONVERSION = YES;
				CLANG_WARN_OBJC_IMPLICIT_RETAIN_SELF = YES;
				CLANG_WARN_OBJC_LITERAL_CONVERSION = YES;
				CLANG_WARN_OBJC_ROOT_CLASS = YES_ERROR;
				CLANG_WARN_QUOTED_INCLUDE_IN_FRAMEWORK_HEADER = YES;
				CLANG_WARN_RANGE_LOOP_ANALYSIS = YES;
				CLANG_WARN_STRICT_PROTOTYPES = YES;
				CLANG_WARN_SUSPICIOUS_MOVE = YES;
				CLANG_WARN_UNGUARDED_AVAILABILITY = YES_AGGRESSIVE;
				CLANG_WARN_UNREACHABLE_CODE = YES;
				CLANG_WARN__DUPLICATE_METHOD_MATCH = YES;
				COPY_PHASE_STRIP = NO;
				DEBUG_INFORMATION_FORMAT = dwarf;
				ENABLE_STRICT_OBJC_MSGSEND = YES;
				ENABLE_TESTABILITY = YES;
				ENABLE_USER_SCRIPT_SANDBOXING = YES;
				GCC_C_LANGUAGE_STANDARD = gnu17;
				GCC_DYNAMIC_NO_PIC = NO;
				GCC_NO_COMMON_BLOCKS = YES;
				GCC_OPTIMIZATION_LEVEL = 0;
				GCC_PREPROCESSOR_DEFINITIONS = (
					"DEBUG=1",
					"$(inherited)",
				);
				GCC_WARN_64_TO_32_BIT_CONVERSION = YES;
				GCC_WARN_ABOUT_RETURN_TYPE = YES_ERROR;
				GCC_WARN_UNDECLARED_SELECTOR = YES;
				GCC_WARN_UNINITIALIZED_AUTOS = YES_AGGRESSIVE;
				GCC_WARN_UNUSED_FUNCTION = YES;
				GCC_WARN_UNUSED_VARIABLE = YES;
				IPHONEOS_DEPLOYMENT_TARGET = 18.2;
				LOCALIZATION_PREFERS_STRING_CATALOGS = YES;
				MTL_ENABLE_DEBUG_INFO = INCLUDE_SOURCE;
				MTL_FAST_MATH = YES;
				ONLY_ACTIVE_ARCH = YES;
				SDKROOT = iphoneos;
				SWIFT_ACTIVE_COMPILATION_CONDITIONS = "DEBUG $(inherited)";
				SWIFT_OPTIMIZATION_LEVEL = "-Onone";
			};
			name = Debug;
		};
		859539C02D39375C005A071B /* Release */ = {
			isa = XCBuildConfiguration;
			buildSettings = {
				ALWAYS_SEARCH_USER_PATHS = NO;
				ASSETCATALOG_COMPILER_GENERATE_SWIFT_ASSET_SYMBOL_EXTENSIONS = YES;
				CLANG_ANALYZER_LOCALIZABILITY_NONLOCALIZED = YES;
				CLANG_ANALYZER_NONNULL = YES;
				CLANG_ANALYZER_NUMBER_OBJECT_CONVERSION = YES_AGGRESSIVE;
				CLANG_CXX_LANGUAGE_STANDARD = "gnu++20";
				CLANG_ENABLE_MODULES = YES;
				CLANG_ENABLE_OBJC_ARC = YES;
				CLANG_ENABLE_OBJC_WEAK = YES;
				CLANG_WARN_BLOCK_CAPTURE_AUTORELEASING = YES;
				CLANG_WARN_BOOL_CONVERSION = YES;
				CLANG_WARN_COMMA = YES;
				CLANG_WARN_CONSTANT_CONVERSION = YES;
				CLANG_WARN_DEPRECATED_OBJC_IMPLEMENTATIONS = YES;
				CLANG_WARN_DIRECT_OBJC_ISA_USAGE = YES_ERROR;
				CLANG_WARN_DOCUMENTATION_COMMENTS = YES;
				CLANG_WARN_EMPTY_BODY = YES;
				CLANG_WARN_ENUM_CONVERSION = YES;
				CLANG_WARN_INFINITE_RECURSION = YES;
				CLANG_WARN_INT_CONVERSION = YES;
				CLANG_WARN_NON_LITERAL_NULL_CONVERSION = YES;
				CLANG_WARN_OBJC_IMPLICIT_RETAIN_SELF = YES;
				CLANG_WARN_OBJC_LITERAL_CONVERSION = YES;
				CLANG_WARN_OBJC_ROOT_CLASS = YES_ERROR;
				CLANG_WARN_QUOTED_INCLUDE_IN_FRAMEWORK_HEADER = YES;
				CLANG_WARN_RANGE_LOOP_ANALYSIS = YES;
				CLANG_WARN_STRICT_PROTOTYPES = YES;
				CLANG_WARN_SUSPICIOUS_MOVE = YES;
				CLANG_WARN_UNGUARDED_AVAILABILITY = YES_AGGRESSIVE;
				CLANG_WARN_UNREACHABLE_CODE = YES;
				CLANG_WARN__DUPLICATE_METHOD_MATCH = YES;
				COPY_PHASE_STRIP = NO;
				DEBUG_INFORMATION_FORMAT = "dwarf-with-dsym";
				ENABLE_NS_ASSERTIONS = NO;
				ENABLE_STRICT_OBJC_MSGSEND = YES;
				ENABLE_USER_SCRIPT_SANDBOXING = YES;
				GCC_C_LANGUAGE_STANDARD = gnu17;
				GCC_NO_COMMON_BLOCKS = YES;
				GCC_WARN_64_TO_32_BIT_CONVERSION = YES;
				GCC_WARN_ABOUT_RETURN_TYPE = YES_ERROR;
				GCC_WARN_UNDECLARED_SELECTOR = YES;
				GCC_WARN_UNINITIALIZED_AUTOS = YES_AGGRESSIVE;
				GCC_WARN_UNUSED_FUNCTION = YES;
				GCC_WARN_UNUSED_VARIABLE = YES;
				IPHONEOS_DEPLOYMENT_TARGET = 18.2;
				LOCALIZATION_PREFERS_STRING_CATALOGS = YES;
				MTL_ENABLE_DEBUG_INFO = NO;
				MTL_FAST_MATH = YES;
				SDKROOT = iphoneos;
				SWIFT_COMPILATION_MODE = wholemodule;
				VALIDATE_PRODUCT = YES;
			};
			name = Release;
		};
		859539C22D39375C005A071B /* Debug */ = {
			isa = XCBuildConfiguration;
			baseConfigurationReference = EFC8D24ACFA1B3B549317BB2 /* Pods-Paytimer.debug.xcconfig */;
			buildSettings = {
				ASSETCATALOG_COMPILER_APPICON_NAME = AppIcon;
				ASSETCATALOG_COMPILER_GLOBAL_ACCENT_COLOR_NAME = AccentColor;
				ASSETCATALOG_COMPILER_INCLUDE_ALL_APPICON_ASSETS = NO;
				CODE_SIGN_IDENTITY = "Apple Development";
				CODE_SIGN_STYLE = Automatic;
				CURRENT_PROJECT_VERSION = 1;
				DEVELOPMENT_ASSET_PATHS = "\"Paytimer/Preview Content\"";
				DEVELOPMENT_TEAM = FN724WMQLF;
				ENABLE_PREVIEWS = YES;
				ENABLE_USER_SCRIPT_SANDBOXING = NO;
				GENERATE_INFOPLIST_FILE = YES;
				INFOPLIST_KEY_CFBundleDisplayName = "牛马时钟";
				INFOPLIST_KEY_LSApplicationCategoryType = "public.app-category.productivity";
				INFOPLIST_KEY_UIApplicationSceneManifest_Generation = YES;
				INFOPLIST_KEY_UIApplicationSupportsIndirectInputEvents = YES;
				INFOPLIST_KEY_UILaunchScreen_Generation = YES;
				INFOPLIST_KEY_UISupportedInterfaceOrientations_iPad = "UIInterfaceOrientationPortrait UIInterfaceOrientationPortraitUpsideDown UIInterfaceOrientationLandscapeLeft UIInterfaceOrientationLandscapeRight";
				INFOPLIST_KEY_UISupportedInterfaceOrientations_iPhone = "UIInterfaceOrientationPortrait UIInterfaceOrientationLandscapeLeft UIInterfaceOrientationLandscapeRight";
				LD_RUNPATH_SEARCH_PATHS = (
					"$(inherited)",
					"@executable_path/Frameworks",
				);
				MARKETING_VERSION = 1.0;
				PRODUCT_BUNDLE_IDENTIFIER = com.hu.Paytimer;
				PRODUCT_NAME = "$(TARGET_NAME)";
				PROVISIONING_PROFILE_SPECIFIER = "";
				SWIFT_EMIT_LOC_STRINGS = YES;
				SWIFT_VERSION = 5.0;
				TARGETED_DEVICE_FAMILY = "1,2";
			};
			name = Debug;
		};
		859539C32D39375C005A071B /* Release */ = {
			isa = XCBuildConfiguration;
			baseConfigurationReference = C4F148A115C57484D0A59358 /* Pods-Paytimer.release.xcconfig */;
			buildSettings = {
				ASSETCATALOG_COMPILER_APPICON_NAME = AppIcon;
				ASSETCATALOG_COMPILER_GLOBAL_ACCENT_COLOR_NAME = AccentColor;
				ASSETCATALOG_COMPILER_INCLUDE_ALL_APPICON_ASSETS = NO;
				CODE_SIGN_IDENTITY = "Apple Development";
				CODE_SIGN_STYLE = Automatic;
				CURRENT_PROJECT_VERSION = 1;
				DEVELOPMENT_ASSET_PATHS = "\"Paytimer/Preview Content\"";
				DEVELOPMENT_TEAM = FN724WMQLF;
				ENABLE_PREVIEWS = YES;
				ENABLE_USER_SCRIPT_SANDBOXING = NO;
				GENERATE_INFOPLIST_FILE = YES;
				INFOPLIST_KEY_CFBundleDisplayName = "牛马时钟";
				INFOPLIST_KEY_LSApplicationCategoryType = "public.app-category.productivity";
				INFOPLIST_KEY_UIApplicationSceneManifest_Generation = YES;
				INFOPLIST_KEY_UIApplicationSupportsIndirectInputEvents = YES;
				INFOPLIST_KEY_UILaunchScreen_Generation = YES;
				INFOPLIST_KEY_UISupportedInterfaceOrientations_iPad = "UIInterfaceOrientationPortrait UIInterfaceOrientationPortraitUpsideDown UIInterfaceOrientationLandscapeLeft UIInterfaceOrientationLandscapeRight";
				INFOPLIST_KEY_UISupportedInterfaceOrientations_iPhone = "UIInterfaceOrientationPortrait UIInterfaceOrientationLandscapeLeft UIInterfaceOrientationLandscapeRight";
				LD_RUNPATH_SEARCH_PATHS = (
					"$(inherited)",
					"@executable_path/Frameworks",
				);
				MARKETING_VERSION = 1.0;
				PRODUCT_BUNDLE_IDENTIFIER = com.hu.Paytimer;
				PRODUCT_NAME = "$(TARGET_NAME)";
				PROVISIONING_PROFILE_SPECIFIER = "";
				SWIFT_EMIT_LOC_STRINGS = YES;
				SWIFT_VERSION = 5.0;
				TARGETED_DEVICE_FAMILY = "1,2";
			};
			name = Release;
		};
		859539C52D39375C005A071B /* Debug */ = {
			isa = XCBuildConfiguration;
			buildSettings = {
				BUNDLE_LOADER = "$(TEST_HOST)";
				CODE_SIGN_STYLE = Automatic;
				CURRENT_PROJECT_VERSION = 1;
				DEVELOPMENT_TEAM = FN724WMQLF;
				GENERATE_INFOPLIST_FILE = YES;
				IPHONEOS_DEPLOYMENT_TARGET = 18.2;
				MARKETING_VERSION = 1.0;
				PRODUCT_BUNDLE_IDENTIFIER = com.hu.PaytimerTests;
				PRODUCT_NAME = "$(TARGET_NAME)";
				SWIFT_EMIT_LOC_STRINGS = NO;
				SWIFT_VERSION = 5.0;
				TARGETED_DEVICE_FAMILY = "1,2";
				TEST_HOST = "$(BUILT_PRODUCTS_DIR)/Paytimer.app/$(BUNDLE_EXECUTABLE_FOLDER_PATH)/Paytimer";
			};
			name = Debug;
		};
		859539C62D39375C005A071B /* Release */ = {
			isa = XCBuildConfiguration;
			buildSettings = {
				BUNDLE_LOADER = "$(TEST_HOST)";
				CODE_SIGN_STYLE = Automatic;
				CURRENT_PROJECT_VERSION = 1;
				DEVELOPMENT_TEAM = FN724WMQLF;
				GENERATE_INFOPLIST_FILE = YES;
				IPHONEOS_DEPLOYMENT_TARGET = 18.2;
				MARKETING_VERSION = 1.0;
				PRODUCT_BUNDLE_IDENTIFIER = com.hu.PaytimerTests;
				PRODUCT_NAME = "$(TARGET_NAME)";
				SWIFT_EMIT_LOC_STRINGS = NO;
				SWIFT_VERSION = 5.0;
				TARGETED_DEVICE_FAMILY = "1,2";
				TEST_HOST = "$(BUILT_PRODUCTS_DIR)/Paytimer.app/$(BUNDLE_EXECUTABLE_FOLDER_PATH)/Paytimer";
			};
			name = Release;
		};
		859539C82D39375C005A071B /* Debug */ = {
			isa = XCBuildConfiguration;
			buildSettings = {
				CODE_SIGN_STYLE = Automatic;
				CURRENT_PROJECT_VERSION = 1;
				DEVELOPMENT_TEAM = FN724WMQLF;
				GENERATE_INFOPLIST_FILE = YES;
				MARKETING_VERSION = 1.0;
				PRODUCT_BUNDLE_IDENTIFIER = com.hu.PaytimerUITests;
				PRODUCT_NAME = "$(TARGET_NAME)";
				SWIFT_EMIT_LOC_STRINGS = NO;
				SWIFT_VERSION = 5.0;
				TARGETED_DEVICE_FAMILY = "1,2";
				TEST_TARGET_NAME = Paytimer;
			};
			name = Debug;
		};
		859539C92D39375C005A071B /* Release */ = {
			isa = XCBuildConfiguration;
			buildSettings = {
				CODE_SIGN_STYLE = Automatic;
				CURRENT_PROJECT_VERSION = 1;
				DEVELOPMENT_TEAM = FN724WMQLF;
				GENERATE_INFOPLIST_FILE = YES;
				MARKETING_VERSION = 1.0;
				PRODUCT_BUNDLE_IDENTIFIER = com.hu.PaytimerUITests;
				PRODUCT_NAME = "$(TARGET_NAME)";
				SWIFT_EMIT_LOC_STRINGS = NO;
				SWIFT_VERSION = 5.0;
				TARGETED_DEVICE_FAMILY = "1,2";
				TEST_TARGET_NAME = Paytimer;
			};
			name = Release;
		};
/* End XCBuildConfiguration section */

/* Begin XCConfigurationList section */
		859539982D39375B005A071B /* Build configuration list for PBXProject "Paytimer" */ = {
			isa = XCConfigurationList;
			buildConfigurations = (
				859539BF2D39375C005A071B /* Debug */,
				859539C02D39375C005A071B /* Release */,
			);
			defaultConfigurationIsVisible = 0;
			defaultConfigurationName = Release;
		};
		859539C12D39375C005A071B /* Build configuration list for PBXNativeTarget "Paytimer" */ = {
			isa = XCConfigurationList;
			buildConfigurations = (
				859539C22D39375C005A071B /* Debug */,
				859539C32D39375C005A071B /* Release */,
			);
			defaultConfigurationIsVisible = 0;
			defaultConfigurationName = Release;
		};
		859539C42D39375C005A071B /* Build configuration list for PBXNativeTarget "PaytimerTests" */ = {
			isa = XCConfigurationList;
			buildConfigurations = (
				859539C52D39375C005A071B /* Debug */,
				859539C62D39375C005A071B /* Release */,
			);
			defaultConfigurationIsVisible = 0;
			defaultConfigurationName = Release;
		};
		859539C72D39375C005A071B /* Build configuration list for PBXNativeTarget "PaytimerUITests" */ = {
			isa = XCConfigurationList;
			buildConfigurations = (
				859539C82D39375C005A071B /* Debug */,
				859539C92D39375C005A071B /* Release */,
			);
			defaultConfigurationIsVisible = 0;
			defaultConfigurationName = Release;
		};
/* End XCConfigurationList section */
	};
	rootObject = 859539952D39375B005A071B /* Project object */;
}
